
Microsoft Visual Studio Solution File, Format Version 12.00
# Visual Studio Version 17
VisualStudioVersion = 17.8.34316.72
MinimumVisualStudioVersion = 10.0.40219.1
Project("{FAE04EC0-301F-11D3-BF4B-00C04F79EFBC}") = "Zadnie nr 5 tydzień 2", "Zadnie nr 5 tydzień 2\Zadnie nr 5 tydzień 2.csproj", "{676E72B5-DEA9-412F-B679-1D833935BF5A}"
EndProject
Global
	GlobalSection(SolutionConfigurationPlatforms) = preSolution
		Debug|Any CPU = Debug|Any CPU
		Release|Any CPU = Release|Any CPU
	EndGlobalSection
	GlobalSection(ProjectConfigurationPlatforms) = postSolution
		{676E72B5-DEA9-412F-B679-1D833935BF5A}.Debug|Any CPU.ActiveCfg = Debug|Any CPU
		{676E72B5-DEA9-412F-B679-1D833935BF5A}.Debug|Any CPU.Build.0 = Debug|Any CPU
		{676E72B5-DEA9-412F-B679-1D833935BF5A}.Release|Any CPU.ActiveCfg = Release|Any CPU
		{676E72B5-DEA9-412F-B679-1D833935BF5A}.Release|Any CPU.Build.0 = Release|Any CPU
	EndGlobalSection
	GlobalSection(SolutionProperties) = preSolution
		HideSolutionNode = FALSE
	EndGlobalSection
	GlobalSection(ExtensibilityGlobals) = postSolution
		SolutionGuid = {5956FD7E-72B0-4F00-AEFE-9F39B286A7A6}
	EndGlobalSection
EndGlobal
